
Microsoft Visual Studio Solution File, Format Version 12.00
# Visual Studio Version 17
VisualStudioVersion = 17.0.32014.148
MinimumVisualStudioVersion = 10.0.40219.1
Project("{FAE04EC0-301F-11D3-BF4B-00C04F79EFBC}") = "DoubleEndedQueue_v1", "DoubleEndedQueue_v1\DoubleEndedQueue_v1.csproj", "{DF8360A7-6D7C-41C3-A2F2-6A87234C7274}"
EndProject
Global
	GlobalSection(SolutionConfigurationPlatforms) = preSolution
		Debug|Any CPU = Debug|Any CPU
		Release|Any CPU = Release|Any CPU
	EndGlobalSection
	GlobalSection(ProjectConfigurationPlatforms) = postSolution
		{DF8360A7-6D7C-41C3-A2F2-6A87234C7274}.Debug|Any CPU.ActiveCfg = Debug|Any CPU
		{DF8360A7-6D7C-41C3-A2F2-6A87234C7274}.Debug|Any CPU.Build.0 = Debug|Any CPU
		{DF8360A7-6D7C-41C3-A2F2-6A87234C7274}.Release|Any CPU.ActiveCfg = Release|Any CPU
		{DF8360A7-6D7C-41C3-A2F2-6A87234C7274}.Release|Any CPU.Build.0 = Release|Any CPU
	EndGlobalSection
	GlobalSection(SolutionProperties) = preSolution
		HideSolutionNode = FALSE
	EndGlobalSection
	GlobalSection(ExtensibilityGlobals) = postSolution
		SolutionGuid = {14ABBBA7-1DB4-4756-8D06-0E168461B0DB}
	EndGlobalSection
EndGlobal
